// !$*UTF8*$!
{
	archiveVersion = 1;
	classes = {
	};
	objectVersion = 48;
	objects = {

/* Begin PBXBuildFile section */
		4932DEEC1F1E62000009E26C /* CGUtils.swift in Sources */ = {isa = PBXBuildFile; fileRef = 4932DEEB1F1E62000009E26C /* CGUtils.swift */; };
		496ECF501F1E5544007D20B4 /* AppDelegate.swift in Sources */ = {isa = PBXBuildFile; fileRef = 496ECF4F1F1E5544007D20B4 /* AppDelegate.swift */; };
		496ECF521F1E5544007D20B4 /* ViewController.swift in Sources */ = {isa = PBXBuildFile; fileRef = 496ECF511F1E5544007D20B4 /* ViewController.swift */; };
		496ECF551F1E5544007D20B4 /* Main.storyboard in Resources */ = {isa = PBXBuildFile; fileRef = 496ECF531F1E5544007D20B4 /* Main.storyboard */; };
		496ECF571F1E5544007D20B4 /* Assets.xcassets in Resources */ = {isa = PBXBuildFile; fileRef = 496ECF561F1E5544007D20B4 /* Assets.xcassets */; };
		496ECF5A1F1E5544007D20B4 /* LaunchScreen.storyboard in Resources */ = {isa = PBXBuildFile; fileRef = 496ECF581F1E5544007D20B4 /* LaunchScreen.storyboard */; };
		496ECF621F1E56F6007D20B4 /* MNISTClassifier.mlmodel in Sources */ = {isa = PBXBuildFile; fileRef = 496ECF611F1E56F6007D20B4 /* MNISTClassifier.mlmodel */; };
/* End PBXBuildFile section */

/* Begin PBXFileReference section */
		4932DEEB1F1E62000009E26C /* CGUtils.swift */ = {isa = PBXFileReference; lastKnownFileType = sourcecode.swift; path = CGUtils.swift; sourceTree = "<group>"; };
		496ECF4C1F1E5544007D20B4 /* CoreML_MNIST.app */ = {isa = PBXFileReference; explicitFileType = wrapper.application; includeInIndex = 0; path = CoreML_MNIST.app; sourceTree = BUILT_PRODUCTS_DIR; };
		496ECF4F1F1E5544007D20B4 /* AppDelegate.swift */ = {isa = PBXFileReference; lastKnownFileType = sourcecode.swift; path = AppDelegate.swift; sourceTree = "<group>"; };
		496ECF511F1E5544007D20B4 /* ViewController.swift */ = {isa = PBXFileReference; lastKnownFileType = sourcecode.swift; path = ViewController.swift; sourceTree = "<group>"; };
		496ECF541F1E5544007D20B4 /* Base */ = {isa = PBXFileReference; lastKnownFileType = file.storyboard; name = Base; path = Base.lproj/Main.storyboard; sourceTree = "<group>"; };
		496ECF561F1E5544007D20B4 /* Assets.xcassets */ = {isa = PBXFileReference; lastKnownFileType = folder.assetcatalog; path = Assets.xcassets; sourceTree = "<group>"; };
		496ECF591F1E5544007D20B4 /* Base */ = {isa = PBXFileReference; lastKnownFileType = file.storyboard; name = Base; path = Base.lproj/LaunchScreen.storyboard; sourceTree = "<group>"; };
		496ECF5B1F1E5544007D20B4 /* Info.plist */ = {isa = PBXFileReference; lastKnownFileType = text.plist.xml; path = Info.plist; sourceTree = "<group>"; };
		496ECF611F1E56F6007D20B4 /* MNISTClassifier.mlmodel */ = {isa = PBXFileReference; lastKnownFileType = file.mlmodel; name = MNISTClassifier.mlmodel; path = "../../../Downloads/ImageClassificationwithVisionandCoreML-master/Vision+ML Example/MNISTClassifier.mlmodel"; sourceTree = "<group>"; };
/* End PBXFileReference section */

/* Begin PBXFrameworksBuildPhase section */
		496ECF491F1E5544007D20B4 /* Frameworks */ = {
			isa = PBXFrameworksBuildPhase;
			buildActionMask = 2147483647;
			files = (
			);
			runOnlyForDeploymentPostprocessing = 0;
		};
/* End PBXFrameworksBuildPhase section */

/* Begin PBXGroup section */
		496ECF431F1E5544007D20B4 = {
			isa = PBXGroup;
			children = (
				496ECF4E1F1E5544007D20B4 /* CoreML_MNIST */,
				496ECF4D1F1E5544007D20B4 /* Products */,
			);
			sourceTree = "<group>";
		};
		496ECF4D1F1E5544007D20B4 /* Products */ = {
			isa = PBXGroup;
			children = (
				496ECF4C1F1E5544007D20B4 /* CoreML_MNIST.app */,
			);
			name = Products;
			sourceTree = "<group>";
		};
		496ECF4E1F1E5544007D20B4 /* CoreML_MNIST */ = {
			isa = PBXGroup;
			children = (
				496ECF4F1F1E5544007D20B4 /* AppDelegate.swift */,
				496ECF511F1E5544007D20B4 /* ViewController.swift */,
				496ECF531F1E5544007D20B4 /* Main.storyboard */,
				496ECF561F1E5544007D20B4 /* Assets.xcassets */,
				496ECF611F1E56F6007D20B4 /* MNISTClassifier.mlmodel */,
				496ECF581F1E5544007D20B4 /* LaunchScreen.storyboard */,
				496ECF5B1F1E5544007D20B4 /* Info.plist */,
				4932DEEB1F1E62000009E26C /* CGUtils.swift */,
			);
			path = CoreML_MNIST;
			sourceTree = "<group>";
		};
/* End PBXGroup section */

/* Begin PBXNativeTarget section */
		496ECF4B1F1E5544007D20B4 /* CoreML_MNIST */ = {
			isa = PBXNativeTarget;
			buildConfigurationList = 496ECF5E1F1E5545007D20B4 /* Build configuration list for PBXNativeTarget "CoreML_MNIST" */;
			buildPhases = (
				496ECF481F1E5544007D20B4 /* Sources */,
				496ECF491F1E5544007D20B4 /* Frameworks */,
				496ECF4A1F1E5544007D20B4 /* Resources */,
			);
			buildRules = (
			);
			dependencies = (
			);
			name = CoreML_MNIST;
			productName = CoreML_MNIST;
			productReference = 496ECF4C1F1E5544007D20B4 /* CoreML_MNIST.app */;
			productType = "com.apple.product-type.application";
		};
/* End PBXNativeTarget section */

/* Begin PBXProject section */
		496ECF441F1E5544007D20B4 /* Project object */ = {
			isa = PBXProject;
			attributes = {
				LastSwiftUpdateCheck = 0900;
				LastUpgradeCheck = 0900;
				ORGANIZATIONNAME = velmovitsky;
				TargetAttributes = {
					496ECF4B1F1E5544007D20B4 = {
						CreatedOnToolsVersion = 9.0;
					};
				};
			};
			buildConfigurationList = 496ECF471F1E5544007D20B4 /* Build configuration list for PBXProject "CoreML_MNIST" */;
			compatibilityVersion = "Xcode 8.0";
			developmentRegion = en;
			hasScannedForEncodings = 0;
			knownRegions = (
				en,
				Base,
			);
			mainGroup = 496ECF431F1E5544007D20B4;
			productRefGroup = 496ECF4D1F1E5544007D20B4 /* Products */;
			projectDirPath = "";
			projectRoot = "";
			targets = (
				496ECF4B1F1E5544007D20B4 /* CoreML_MNIST */,
			);
		};
/* End PBXProject section */

/* Begin PBXResourcesBuildPhase section */
		496ECF4A1F1E5544007D20B4 /* Resources */ = {
			isa = PBXResourcesBuildPhase;
			buildActionMask = 2147483647;
			files = (
				496ECF5A1F1E5544007D20B4 /* LaunchScreen.storyboard in Resources */,
				496ECF571F1E5544007D20B4 /* Assets.xcassets in Resources */,
				496ECF551F1E5544007D20B4 /* Main.storyboard in Resources */,
			);
			runOnlyForDeploymentPostprocessing = 0;
		};
/* End PBXResourcesBuildPhase section */

/* Begin PBXSourcesBuildPhase section */
		496ECF481F1E5544007D20B4 /* Sources */ = {
			isa = PBXSourcesBuildPhase;
			buildActionMask = 2147483647;
			files = (
				496ECF521F1E5544007D20B4 /* ViewController.swift in Sources */,
				496ECF501F1E5544007D20B4 /* AppDelegate.swift in Sources */,
				496ECF621F1E56F6007D20B4 /* MNISTClassifier.mlmodel in Sources */,
				4932DEEC1F1E62000009E26C /* CGUtils.swift in Sources */,
			);
			runOnlyForDeploymentPostprocessing = 0;
		};
/* End PBXSourcesBuildPhase section */

/* Begin PBXVariantGroup section */
		496ECF531F1E5544007D20B4 /* Main.storyboard */ = {
			isa = PBXVariantGroup;
			children = (
				496ECF541F1E5544007D20B4 /* Base */,
			);
			name = Main.storyboard;
			sourceTree = "<group>";
		};
		496ECF581F1E5544007D20B4 /* LaunchScreen.storyboard */ = {
			isa = PBXVariantGroup;
			children = (
				496ECF591F1E5544007D20B4 /* Base */,
			);
			name = LaunchScreen.storyboard;
			sourceTree = "<group>";
		};
/* End PBXVariantGroup section */

/* Begin XCBuildConfiguration section */
		496ECF5C1F1E5544007D20B4 /* Debug */ = {
			isa = XCBuildConfiguration;
			buildSettings = {
				ALWAYS_SEARCH_USER_PATHS = NO;
				CLANG_ANALYZER_NONNULL = YES;
				CLANG_ANALYZER_NUMBER_OBJECT_CONVERSION = YES_AGGRESSIVE;
				CLANG_CXX_LANGUAGE_STANDARD = "gnu++14";
				CLANG_CXX_LIBRARY = "libc++";
				CLANG_ENABLE_MODULES = YES;
				CLANG_ENABLE_OBJC_ARC = YES;
				CLANG_WARN_BLOCK_CAPTURE_AUTORELEASING = YES;
				CLANG_WARN_BOOL_CONVERSION = YES;
				CLANG_WARN_COMMA = YES;
				CLANG_WARN_CONSTANT_CONVERSION = YES;
				CLANG_WARN_DIRECT_OBJC_ISA_USAGE = YES_ERROR;
				CLANG_WARN_DOCUMENTATION_COMMENTS = YES;
				CLANG_WARN_EMPTY_BODY = YES;
				CLANG_WARN_ENUM_CONVERSION = YES;
				CLANG_WARN_INFINITE_RECURSION = YES;
				CLANG_WARN_INT_CONVERSION = YES;
				CLANG_WARN_OBJC_ROOT_CLASS = YES_ERROR;
				CLANG_WARN_RANGE_LOOP_ANALYSIS = YES;
				CLANG_WARN_STRICT_PROTOTYPES = YES;
				CLANG_WARN_SUSPICIOUS_MOVE = YES;
				CLANG_WARN_UNGUARDED_AVAILABILITY = YES_AGGRESSIVE;
				CLANG_WARN_UNREACHABLE_CODE = YES;
				CLANG_WARN__DUPLICATE_METHOD_MATCH = YES;
				CODE_SIGN_IDENTITY = "iPhone Developer";
				COPY_PHASE_STRIP = NO;
				DEBUG_INFORMATION_FORMAT = dwarf;
				ENABLE_STRICT_OBJC_MSGSEND = YES;
				ENABLE_TESTABILITY = YES;
				GCC_C_LANGUAGE_STANDARD = gnu11;
				GCC_DYNAMIC_NO_PIC = NO;
				GCC_NO_COMMON_BLOCKS = YES;
				GCC_OPTIMIZATION_LEVEL = 0;
				GCC_PREPROCESSOR_DEFINITIONS = (
					"DEBUG=1",
					"$(inherited)",
				);
				GCC_WARN_64_TO_32_BIT_CONVERSION = YES;
				GCC_WARN_ABOUT_RETURN_TYPE = YES_ERROR;
				GCC_WARN_UNDECLARED_SELECTOR = YES;
				GCC_WARN_UNINITIALIZED_AUTOS = YES_AGGRESSIVE;
				GCC_WARN_UNUSED_FUNCTION = YES;
				GCC_WARN_UNUSED_VARIABLE = YES;
				IPHONEOS_DEPLOYMENT_TARGET = 11.0;
				MTL_ENABLE_DEBUG_INFO = YES;
				ONLY_ACTIVE_ARCH = YES;
				SDKROOT = iphoneos;
				SWIFT_ACTIVE_COMPILATION_CONDITIONS = DEBUG;
				SWIFT_OPTIMIZATION_LEVEL = "-Onone";
			};
			name = Debug;
		};
		496ECF5D1F1E5544007D20B4 /* Release */ = {
			isa = XCBuildConfiguration;
			buildSettings = {
				ALWAYS_SEARCH_USER_PATHS = NO;
				CLANG_ANALYZER_NONNULL = YES;
				CLANG_ANALYZER_NUMBER_OBJECT_CONVERSION = YES_AGGRESSIVE;
				CLANG_CXX_LANGUAGE_STANDARD = "gnu++14";
				CLANG_CXX_LIBRARY = "libc++";
				CLANG_ENABLE_MODULES = YES;
				CLANG_ENABLE_OBJC_ARC = YES;
				CLANG_WARN_BLOCK_CAPTURE_AUTORELEASING = YES;
				CLANG_WARN_BOOL_CONVERSION = YES;
				CLANG_WARN_COMMA = YES;
				CLANG_WARN_CONSTANT_CONVERSION = YES;
				CLANG_WARN_DIRECT_OBJC_ISA_USAGE = YES_ERROR;
				CLANG_WARN_DOCUMENTATION_COMMENTS = YES;
				CLANG_WARN_EMPTY_BODY = YES;
				CLANG_WARN_ENUM_CONVERSION = YES;
				CLANG_WARN_INFINITE_RECURSION = YES;
				CLANG_WARN_INT_CONVERSION = YES;
				CLANG_WARN_OBJC_ROOT_CLASS = YES_ERROR;
				CLANG_WARN_RANGE_LOOP_ANALYSIS = YES;
				CLANG_WARN_STRICT_PROTOTYPES = YES;
				CLANG_WARN_SUSPICIOUS_MOVE = YES;
				CLANG_WARN_UNGUARDED_AVAILABILITY = YES_AGGRESSIVE;
				CLANG_WARN_UNREACHABLE_CODE = YES;
				CLANG_WARN__DUPLICATE_METHOD_MATCH = YES;
				CODE_SIGN_IDENTITY = "iPhone Developer";
				COPY_PHASE_STRIP = NO;
				DEBUG_INFORMATION_FORMAT = "dwarf-with-dsym";
				ENABLE_NS_ASSERTIONS = NO;
				ENABLE_STRICT_OBJC_MSGSEND = YES;
				GCC_C_LANGUAGE_STANDARD = gnu11;
				GCC_NO_COMMON_BLOCKS = YES;
				GCC_WARN_64_TO_32_BIT_CONVERSION = YES;
				GCC_WARN_ABOUT_RETURN_TYPE = YES_ERROR;
				GCC_WARN_UNDECLARED_SELECTOR = YES;
				GCC_WARN_UNINITIALIZED_AUTOS = YES_AGGRESSIVE;
				GCC_WARN_UNUSED_FUNCTION = YES;
				GCC_WARN_UNUSED_VARIABLE = YES;
				IPHONEOS_DEPLOYMENT_TARGET = 11.0;
				MTL_ENABLE_DEBUG_INFO = NO;
				SDKROOT = iphoneos;
				SWIFT_OPTIMIZATION_LEVEL = "-Owholemodule";
				VALIDATE_PRODUCT = YES;
			};
			name = Release;
		};
		496ECF5F1F1E5545007D20B4 /* Debug */ = {
			isa = XCBuildConfiguration;
			buildSettings = {
				ASSETCATALOG_COMPILER_APPICON_NAME = AppIcon;
				DEVELOPMENT_TEAM = 8U8G8793TY;
				INFOPLIST_FILE = CoreML_MNIST/Info.plist;
				LD_RUNPATH_SEARCH_PATHS = "$(inherited) @executable_path/Frameworks";
				PRODUCT_BUNDLE_IDENTIFIER = "com.velmovitsky.CoreML-MNIST";
				PRODUCT_NAME = "$(TARGET_NAME)";
				SWIFT_VERSION = 4.0;
				TARGETED_DEVICE_FAMILY = "1,2";
			};
			name = Debug;
		};
		496ECF601F1E5545007D20B4 /* Release */ = {
			isa = XCBuildConfiguration;
			buildSettings = {
				ASSETCATALOG_COMPILER_APPICON_NAME = AppIcon;
				DEVELOPMENT_TEAM = 8U8G8793TY;
				INFOPLIST_FILE = CoreML_MNIST/Info.plist;
				LD_RUNPATH_SEARCH_PATHS = "$(inherited) @executable_path/Frameworks";
				PRODUCT_BUNDLE_IDENTIFIER = "com.velmovitsky.CoreML-MNIST";
				PRODUCT_NAME = "$(TARGET_NAME)";
				SWIFT_VERSION = 4.0;
				TARGETED_DEVICE_FAMILY = "1,2";
			};
			name = Release;
		};
/* End XCBuildConfiguration section */

/* Begin XCConfigurationList section */
		496ECF471F1E5544007D20B4 /* Build configuration list for PBXProject "CoreML_MNIST" */ = {
			isa = XCConfigurationList;
			buildConfigurations = (
				496ECF5C1F1E5544007D20B4 /* Debug */,
				496ECF5D1F1E5544007D20B4 /* Release */,
			);
			defaultConfigurationIsVisible = 0;
			defaultConfigurationName = Release;
		};
		496ECF5E1F1E5545007D20B4 /* Build configuration list for PBXNativeTarget "CoreML_MNIST" */ = {
			isa = XCConfigurationList;
			buildConfigurations = (
				496ECF5F1F1E5545007D20B4 /* Debug */,
				496ECF601F1E5545007D20B4 /* Release */,
			);
			defaultConfigurationIsVisible = 0;
			defaultConfigurationName = Release;
		};
/* End XCConfigurationList section */
	};
	rootObject = 496ECF441F1E5544007D20B4 /* Project object */;
}
